// !$*UTF8*$!
{
	archiveVersion = 1;
	classes = {
	};
	objectVersion = 50;
	objects = {

/* Begin PBXBuildFile section */
		80445CB62589B70700415AAC /* AppDelegate.m in Sources */ = {isa = PBXBuildFile; fileRef = 80445CB52589B70700415AAC /* AppDelegate.m */; };
		80445CBC2589B70700415AAC /* ViewController.m in Sources */ = {isa = PBXBuildFile; fileRef = 80445CBB2589B70700415AAC /* ViewController.m */; };
		80445CBF2589B70700415AAC /* Main.storyboard in Resources */ = {isa = PBXBuildFile; fileRef = 80445CBD2589B70700415AAC /* Main.storyboard */; };
		80445CC12589B70900415AAC /* Assets.xcassets in Resources */ = {isa = PBXBuildFile; fileRef = 80445CC02589B70900415AAC /* Assets.xcassets */; };
		80445CC42589B70900415AAC /* LaunchScreen.storyboard in Resources */ = {isa = PBXBuildFile; fileRef = 80445CC22589B70900415AAC /* LaunchScreen.storyboard */; };
		80445CC72589B70900415AAC /* main.m in Sources */ = {isa = PBXBuildFile; fileRef = 80445CC62589B70900415AAC /* main.m */; };
		80445CD22589B8BD00415AAC /* UIButton+MyButton.m in Sources */ = {isa = PBXBuildFile; fileRef = 80445CD12589B8BD00415AAC /* UIButton+MyButton.m */; };
/* End PBXBuildFile section */

/* Begin PBXFileReference section */
		80445CB12589B70700415AAC /* Runtime分类添加属性.app */ = {isa = PBXFileReference; explicitFileType = wrapper.application; includeInIndex = 0; path = "Runtime分类添加属性.app"; sourceTree = BUILT_PRODUCTS_DIR; };
		80445CB42589B70700415AAC /* AppDelegate.h */ = {isa = PBXFileReference; lastKnownFileType = sourcecode.c.h; path = AppDelegate.h; sourceTree = "<group>"; };
		80445CB52589B70700415AAC /* AppDelegate.m */ = {isa = PBXFileReference; lastKnownFileType = sourcecode.c.objc; path = AppDelegate.m; sourceTree = "<group>"; };
		80445CBA2589B70700415AAC /* ViewController.h */ = {isa = PBXFileReference; lastKnownFileType = sourcecode.c.h; path = ViewController.h; sourceTree = "<group>"; };
		80445CBB2589B70700415AAC /* ViewController.m */ = {isa = PBXFileReference; lastKnownFileType = sourcecode.c.objc; path = ViewController.m; sourceTree = "<group>"; };
		80445CBE2589B70700415AAC /* Base */ = {isa = PBXFileReference; lastKnownFileType = file.storyboard; name = Base; path = Base.lproj/Main.storyboard; sourceTree = "<group>"; };
		80445CC02589B70900415AAC /* Assets.xcassets */ = {isa = PBXFileReference; lastKnownFileType = folder.assetcatalog; path = Assets.xcassets; sourceTree = "<group>"; };
		80445CC32589B70900415AAC /* Base */ = {isa = PBXFileReference; lastKnownFileType = file.storyboard; name = Base; path = Base.lproj/LaunchScreen.storyboard; sourceTree = "<group>"; };
		80445CC52589B70900415AAC /* Info.plist */ = {isa = PBXFileReference; lastKnownFileType = text.plist.xml; path = Info.plist; sourceTree = "<group>"; };
		80445CC62589B70900415AAC /* main.m */ = {isa = PBXFileReference; lastKnownFileType = sourcecode.c.objc; path = main.m; sourceTree = "<group>"; };
		80445CD02589B8BD00415AAC /* UIButton+MyButton.h */ = {isa = PBXFileReference; lastKnownFileType = sourcecode.c.h; path = "UIButton+MyButton.h"; sourceTree = "<group>"; };
		80445CD12589B8BD00415AAC /* UIButton+MyButton.m */ = {isa = PBXFileReference; lastKnownFileType = sourcecode.c.objc; path = "UIButton+MyButton.m"; sourceTree = "<group>"; };
/* End PBXFileReference section */

/* Begin PBXFrameworksBuildPhase section */
		80445CAE2589B70700415AAC /* Frameworks */ = {
			isa = PBXFrameworksBuildPhase;
			buildActionMask = 2147483647;
			files = (
			);
			runOnlyForDeploymentPostprocessing = 0;
		};
/* End PBXFrameworksBuildPhase section */

/* Begin PBXGroup section */
		80445CA82589B70700415AAC = {
			isa = PBXGroup;
			children = (
				80445CB32589B70700415AAC /* Runtime分类添加属性 */,
				80445CB22589B70700415AAC /* Products */,
			);
			sourceTree = "<group>";
		};
		80445CB22589B70700415AAC /* Products */ = {
			isa = PBXGroup;
			children = (
				80445CB12589B70700415AAC /* Runtime分类添加属性.app */,
			);
			name = Products;
			sourceTree = "<group>";
		};
		80445CB32589B70700415AAC /* Runtime分类添加属性 */ = {
			isa = PBXGroup;
			children = (
				80445CB42589B70700415AAC /* AppDelegate.h */,
				80445CB52589B70700415AAC /* AppDelegate.m */,
				80445CBA2589B70700415AAC /* ViewController.h */,
				80445CBB2589B70700415AAC /* ViewController.m */,
				80445CBD2589B70700415AAC /* Main.storyboard */,
				80445CC02589B70900415AAC /* Assets.xcassets */,
				80445CC22589B70900415AAC /* LaunchScreen.storyboard */,
				80445CC52589B70900415AAC /* Info.plist */,
				80445CC62589B70900415AAC /* main.m */,
				80445CD02589B8BD00415AAC /* UIButton+MyButton.h */,
				80445CD12589B8BD00415AAC /* UIButton+MyButton.m */,
			);
			path = "Runtime分类添加属性";
			sourceTree = "<group>";
		};
/* End PBXGroup section */

/* Begin PBXNativeTarget section */
		80445CB02589B70700415AAC /* Runtime分类添加属性 */ = {
			isa = PBXNativeTarget;
			buildConfigurationList = 80445CCA2589B70900415AAC /* Build configuration list for PBXNativeTarget "Runtime分类添加属性" */;
			buildPhases = (
				80445CAD2589B70700415AAC /* Sources */,
				80445CAE2589B70700415AAC /* Frameworks */,
				80445CAF2589B70700415AAC /* Resources */,
			);
			buildRules = (
			);
			dependencies = (
			);
			name = "Runtime分类添加属性";
			productName = "Runtime分类添加属性";
			productReference = 80445CB12589B70700415AAC /* Runtime分类添加属性.app */;
			productType = "com.apple.product-type.application";
		};
/* End PBXNativeTarget section */

/* Begin PBXProject section */
		80445CA92589B70700415AAC /* Project object */ = {
			isa = PBXProject;
			attributes = {
				LastUpgradeCheck = 1210;
				TargetAttributes = {
					80445CB02589B70700415AAC = {
						CreatedOnToolsVersion = 12.1;
					};
				};
			};
			buildConfigurationList = 80445CAC2589B70700415AAC /* Build configuration list for PBXProject "Runtime分类添加属性" */;
			compatibilityVersion = "Xcode 9.3";
			developmentRegion = en;
			hasScannedForEncodings = 0;
			knownRegions = (
				en,
				Base,
			);
			mainGroup = 80445CA82589B70700415AAC;
			productRefGroup = 80445CB22589B70700415AAC /* Products */;
			projectDirPath = "";
			projectRoot = "";
			targets = (
				80445CB02589B70700415AAC /* Runtime分类添加属性 */,
			);
		};
/* End PBXProject section */

/* Begin PBXResourcesBuildPhase section */
		80445CAF2589B70700415AAC /* Resources */ = {
			isa = PBXResourcesBuildPhase;
			buildActionMask = 2147483647;
			files = (
				80445CC42589B70900415AAC /* LaunchScreen.storyboard in Resources */,
				80445CC12589B70900415AAC /* Assets.xcassets in Resources */,
				80445CBF2589B70700415AAC /* Main.storyboard in Resources */,
			);
			runOnlyForDeploymentPostprocessing = 0;
		};
/* End PBXResourcesBuildPhase section */

/* Begin PBXSourcesBuildPhase section */
		80445CAD2589B70700415AAC /* Sources */ = {
			isa = PBXSourcesBuildPhase;
			buildActionMask = 2147483647;
			files = (
				80445CBC2589B70700415AAC /* ViewController.m in Sources */,
				80445CD22589B8BD00415AAC /* UIButton+MyButton.m in Sources */,
				80445CB62589B70700415AAC /* AppDelegate.m in Sources */,
				80445CC72589B70900415AAC /* main.m in Sources */,
			);
			runOnlyForDeploymentPostprocessing = 0;
		};
/* End PBXSourcesBuildPhase section */

/* Begin PBXVariantGroup section */
		80445CBD2589B70700415AAC /* Main.storyboard */ = {
			isa = PBXVariantGroup;
			children = (
				80445CBE2589B70700415AAC /* Base */,
			);
			name = Main.storyboard;
			sourceTree = "<group>";
		};
		80445CC22589B70900415AAC /* LaunchScreen.storyboard */ = {
			isa = PBXVariantGroup;
			children = (
				80445CC32589B70900415AAC /* Base */,
			);
			name = LaunchScreen.storyboard;
			sourceTree = "<group>";
		};
/* End PBXVariantGroup section */

/* Begin XCBuildConfiguration section */
		80445CC82589B70900415AAC /* Debug */ = {
			isa = XCBuildConfiguration;
			buildSettings = {
				ALWAYS_SEARCH_USER_PATHS = NO;
				CLANG_ANALYZER_NONNULL = YES;
				CLANG_ANALYZER_NUMBER_OBJECT_CONVERSION = YES_AGGRESSIVE;
				CLANG_CXX_LANGUAGE_STANDARD = "gnu++14";
				CLANG_CXX_LIBRARY = "libc++";
				CLANG_ENABLE_MODULES = YES;
				CLANG_ENABLE_OBJC_ARC = YES;
				CLANG_ENABLE_OBJC_WEAK = YES;
				CLANG_WARN_BLOCK_CAPTURE_AUTORELEASING = YES;
				CLANG_WARN_BOOL_CONVERSION = YES;
				CLANG_WARN_COMMA = YES;
				CLANG_WARN_CONSTANT_CONVERSION = YES;
				CLANG_WARN_DEPRECATED_OBJC_IMPLEMENTATIONS = YES;
				CLANG_WARN_DIRECT_OBJC_ISA_USAGE = YES_ERROR;
				CLANG_WARN_DOCUMENTATION_COMMENTS = YES;
				CLANG_WARN_EMPTY_BODY = YES;
				CLANG_WARN_ENUM_CONVERSION = YES;
				CLANG_WARN_INFINITE_RECURSION = YES;
				CLANG_WARN_INT_CONVERSION = YES;
				CLANG_WARN_NON_LITERAL_NULL_CONVERSION = YES;
				CLANG_WARN_OBJC_IMPLICIT_RETAIN_SELF = YES;
				CLANG_WARN_OBJC_LITERAL_CONVERSION = YES;
				CLANG_WARN_OBJC_ROOT_CLASS = YES_ERROR;
				CLANG_WARN_QUOTED_INCLUDE_IN_FRAMEWORK_HEADER = YES;
				CLANG_WARN_RANGE_LOOP_ANALYSIS = YES;
				CLANG_WARN_STRICT_PROTOTYPES = YES;
				CLANG_WARN_SUSPICIOUS_MOVE = YES;
				CLANG_WARN_UNGUARDED_AVAILABILITY = YES_AGGRESSIVE;
				CLANG_WARN_UNREACHABLE_CODE = YES;
				CLANG_WARN__DUPLICATE_METHOD_MATCH = YES;
				COPY_PHASE_STRIP = NO;
				DEBUG_INFORMATION_FORMAT = dwarf;
				ENABLE_STRICT_OBJC_MSGSEND = YES;
				ENABLE_TESTABILITY = YES;
				GCC_C_LANGUAGE_STANDARD = gnu11;
				GCC_DYNAMIC_NO_PIC = NO;
				GCC_NO_COMMON_BLOCKS = YES;
				GCC_OPTIMIZATION_LEVEL = 0;
				GCC_PREPROCESSOR_DEFINITIONS = (
					"DEBUG=1",
					"$(inherited)",
				);
				GCC_WARN_64_TO_32_BIT_CONVERSION = YES;
				GCC_WARN_ABOUT_RETURN_TYPE = YES_ERROR;
				GCC_WARN_UNDECLARED_SELECTOR = YES;
				GCC_WARN_UNINITIALIZED_AUTOS = YES_AGGRESSIVE;
				GCC_WARN_UNUSED_FUNCTION = YES;
				GCC_WARN_UNUSED_VARIABLE = YES;
				IPHONEOS_DEPLOYMENT_TARGET = 14.1;
				MTL_ENABLE_DEBUG_INFO = INCLUDE_SOURCE;
				MTL_FAST_MATH = YES;
				ONLY_ACTIVE_ARCH = YES;
				SDKROOT = iphoneos;
			};
			name = Debug;
		};
		80445CC92589B70900415AAC /* Release */ = {
			isa = XCBuildConfiguration;
			buildSettings = {
				ALWAYS_SEARCH_USER_PATHS = NO;
				CLANG_ANALYZER_NONNULL = YES;
				CLANG_ANALYZER_NUMBER_OBJECT_CONVERSION = YES_AGGRESSIVE;
				CLANG_CXX_LANGUAGE_STANDARD = "gnu++14";
				CLANG_CXX_LIBRARY = "libc++";
				CLANG_ENABLE_MODULES = YES;
				CLANG_ENABLE_OBJC_ARC = YES;
				CLANG_ENABLE_OBJC_WEAK = YES;
				CLANG_WARN_BLOCK_CAPTURE_AUTORELEASING = YES;
				CLANG_WARN_BOOL_CONVERSION = YES;
				CLANG_WARN_COMMA = YES;
				CLANG_WARN_CONSTANT_CONVERSION = YES;
				CLANG_WARN_DEPRECATED_OBJC_IMPLEMENTATIONS = YES;
				CLANG_WARN_DIRECT_OBJC_ISA_USAGE = YES_ERROR;
				CLANG_WARN_DOCUMENTATION_COMMENTS = YES;
				CLANG_WARN_EMPTY_BODY = YES;
				CLANG_WARN_ENUM_CONVERSION = YES;
				CLANG_WARN_INFINITE_RECURSION = YES;
				CLANG_WARN_INT_CONVERSION = YES;
				CLANG_WARN_NON_LITERAL_NULL_CONVERSION = YES;
				CLANG_WARN_OBJC_IMPLICIT_RETAIN_SELF = YES;
				CLANG_WARN_OBJC_LITERAL_CONVERSION = YES;
				CLANG_WARN_OBJC_ROOT_CLASS = YES_ERROR;
				CLANG_WARN_QUOTED_INCLUDE_IN_FRAMEWORK_HEADER = YES;
				CLANG_WARN_RANGE_LOOP_ANALYSIS = YES;
				CLANG_WARN_STRICT_PROTOTYPES = YES;
				CLANG_WARN_SUSPICIOUS_MOVE = YES;
				CLANG_WARN_UNGUARDED_AVAILABILITY = YES_AGGRESSIVE;
				CLANG_WARN_UNREACHABLE_CODE = YES;
				CLANG_WARN__DUPLICATE_METHOD_MATCH = YES;
				COPY_PHASE_STRIP = NO;
				DEBUG_INFORMATION_FORMAT = "dwarf-with-dsym";
				ENABLE_NS_ASSERTIONS = NO;
				ENABLE_STRICT_OBJC_MSGSEND = YES;
				GCC_C_LANGUAGE_STANDARD = gnu11;
				GCC_NO_COMMON_BLOCKS = YES;
				GCC_WARN_64_TO_32_BIT_CONVERSION = YES;
				GCC_WARN_ABOUT_RETURN_TYPE = YES_ERROR;
				GCC_WARN_UNDECLARED_SELECTOR = YES;
				GCC_WARN_UNINITIALIZED_AUTOS = YES_AGGRESSIVE;
				GCC_WARN_UNUSED_FUNCTION = YES;
				GCC_WARN_UNUSED_VARIABLE = YES;
				IPHONEOS_DEPLOYMENT_TARGET = 14.1;
				MTL_ENABLE_DEBUG_INFO = NO;
				MTL_FAST_MATH = YES;
				SDKROOT = iphoneos;
				VALIDATE_PRODUCT = YES;
			};
			name = Release;
		};
		80445CCB2589B70900415AAC /* Debug */ = {
			isa = XCBuildConfiguration;
			buildSettings = {
				ASSETCATALOG_COMPILER_APPICON_NAME = AppIcon;
				ASSETCATALOG_COMPILER_GLOBAL_ACCENT_COLOR_NAME = AccentColor;
				CODE_SIGN_STYLE = Automatic;
				DEVELOPMENT_TEAM = F4Z78585FX;
				INFOPLIST_FILE = "Runtime分类添加属性/Info.plist";
				IPHONEOS_DEPLOYMENT_TARGET = 10.0;
				LD_RUNPATH_SEARCH_PATHS = (
					"$(inherited)",
					"@executable_path/Frameworks",
				);
				PRODUCT_BUNDLE_IDENTIFIER = "Test.Runtime------";
				PRODUCT_NAME = "$(TARGET_NAME)";
				TARGETED_DEVICE_FAMILY = 1;
			};
			name = Debug;
		};
		80445CCC2589B70900415AAC /* Release */ = {
			isa = XCBuildConfiguration;
			buildSettings = {
				ASSETCATALOG_COMPILER_APPICON_NAME = AppIcon;
				ASSETCATALOG_COMPILER_GLOBAL_ACCENT_COLOR_NAME = AccentColor;
				CODE_SIGN_STYLE = Automatic;
				DEVELOPMENT_TEAM = F4Z78585FX;
				INFOPLIST_FILE = "Runtime分类添加属性/Info.plist";
				IPHONEOS_DEPLOYMENT_TARGET = 10.0;
				LD_RUNPATH_SEARCH_PATHS = (
					"$(inherited)",
					"@executable_path/Frameworks",
				);
				PRODUCT_BUNDLE_IDENTIFIER = "Test.Runtime------";
				PRODUCT_NAME = "$(TARGET_NAME)";
				TARGETED_DEVICE_FAMILY = 1;
			};
			name = Release;
		};
/* End XCBuildConfiguration section */

/* Begin XCConfigurationList section */
		80445CAC2589B70700415AAC /* Build configuration list for PBXProject "Runtime分类添加属性" */ = {
			isa = XCConfigurationList;
			buildConfigurations = (
				80445CC82589B70900415AAC /* Debug */,
				80445CC92589B70900415AAC /* Release */,
			);
			defaultConfigurationIsVisible = 0;
			defaultConfigurationName = Release;
		};
		80445CCA2589B70900415AAC /* Build configuration list for PBXNativeTarget "Runtime分类添加属性" */ = {
			isa = XCConfigurationList;
			buildConfigurations = (
				80445CCB2589B70900415AAC /* Debug */,
				80445CCC2589B70900415AAC /* Release */,
			);
			defaultConfigurationIsVisible = 0;
			defaultConfigurationName = Release;
		};
/* End XCConfigurationList section */
	};
	rootObject = 80445CA92589B70700415AAC /* Project object */;
}
